{
  "name": "prisma-http-protocol-error",
  "version": "1.0.0",
  "lockfileVersion": 3,
  "requires": true,
  "packages": {
    "": {
      "name": "prisma-http-protocol-error",
      "version": "1.0.0",
      "hasInstallScript": true,
      "dependencies": {
        "@planetscale/database": "^1.16.0",
        "@prisma/adapter-planetscale": "^5.11.0-dev.5",
        "@prisma/client": "^5.11.0-dev.5"
      },
      "devDependencies": {
        "prisma": "^5.11.0-dev.5"
      }
    },
    "node_modules/@planetscale/database": {
      "version": "1.16.0",
      "resolved": "https://registry.npmjs.org/@planetscale/database/-/database-1.16.0.tgz",
      "integrity": "sha512-HNUrTqrd8aTRZYMDcsoZ62s36sIWkMMmKZBOehoCWR2WrfNPKq+Q1yQef5okl3pSVlldFnu2h/dbHjOsDTHXug==",
      "engines": {
        "node": ">=16"
      }
    },
    "node_modules/@prisma/adapter-planetscale": {
      "version": "5.11.0-integration-fix-non-ascii.1",
      "resolved": "https://registry.npmjs.org/@prisma/adapter-planetscale/-/adapter-planetscale-5.11.0-integration-fix-non-ascii.1.tgz",
      "integrity": "sha512-mL49glURptvSHVovqZtluEnxuhH+P+iOAMVPYA+vAcKT1rN+Dw8IiOQhoGfqvmYDttY7beA/XuiSvYXvRdv4+Q==",
      "dependencies": {
        "@prisma/driver-adapter-utils": "5.11.0-integration-fix-non-ascii.1"
      },
      "peerDependencies": {
        "@planetscale/database": "^1.15.0"
      }
    },
    "node_modules/@prisma/client": {
      "version": "5.11.0-integration-fix-non-ascii.1",
      "resolved": "https://registry.npmjs.org/@prisma/client/-/client-5.11.0-integration-fix-non-ascii.1.tgz",
      "integrity": "sha512-sXhHWGvrCdrgC6rd0dG5NfZkjDQIIa0fJU0fulB9L60wcP4OwFkCC5HFuKKHOxx+BbY6x8v+oGqIL8xJF16Itg==",
      "hasInstallScript": true,
      "engines": {
        "node": ">=16.13"
      },
      "peerDependencies": {
        "prisma": "*"
      },
      "peerDependenciesMeta": {
        "prisma": {
          "optional": true
        }
      }
    },
    "node_modules/@prisma/debug": {
      "version": "5.11.0-integration-fix-non-ascii.1",
      "resolved": "https://registry.npmjs.org/@prisma/debug/-/debug-5.11.0-integration-fix-non-ascii.1.tgz",
      "integrity": "sha512-Md+cMKuoWIBL5mp3ibc50CvqwcgWeLLpqNANgC1mpBZVGeI5pLaGJKAy1DmspViGO6I5EcEWc7ZtKig3yqmX2A=="
    },
    "node_modules/@prisma/driver-adapter-utils": {
      "version": "5.11.0-integration-fix-non-ascii.1",
      "resolved": "https://registry.npmjs.org/@prisma/driver-adapter-utils/-/driver-adapter-utils-5.11.0-integration-fix-non-ascii.1.tgz",
      "integrity": "sha512-TEIPQOHgquQeOf1uXKlizgmmAqlMT1OjIAP8n/4sQQMfG3dIRnaIDL2HBH/y3K08ORsFJ1Jaa/GHnMS7BEu2Yw==",
      "dependencies": {
        "@prisma/debug": "5.11.0-integration-fix-non-ascii.1"
      }
    },
    "node_modules/@prisma/engines": {
      "version": "5.11.0-integration-fix-non-ascii.1",
      "resolved": "https://registry.npmjs.org/@prisma/engines/-/engines-5.11.0-integration-fix-non-ascii.1.tgz",
      "integrity": "sha512-nvtt7+JAOmBgdPRHclhHqJEf40YbvRgOZg20SIXm3RP7PpArWY8PAxdmDsDMrvo/czMoSn29tNjGzfkav32jdw==",
      "devOptional": true,
      "hasInstallScript": true,
      "dependencies": {
        "@prisma/debug": "5.11.0-integration-fix-non-ascii.1",
        "@prisma/engines-version": "5.10.0-34.5a9203d0590c951969e85a7d07215503f4672eb9",
        "@prisma/fetch-engine": "5.11.0-integration-fix-non-ascii.1",
        "@prisma/get-platform": "5.11.0-integration-fix-non-ascii.1"
      }
    },
    "node_modules/@prisma/engines-version": {
      "version": "5.10.0-34.5a9203d0590c951969e85a7d07215503f4672eb9",
      "resolved": "https://registry.npmjs.org/@prisma/engines-version/-/engines-version-5.10.0-34.5a9203d0590c951969e85a7d07215503f4672eb9.tgz",
      "integrity": "sha512-uCy/++3Jx/O3ufM+qv2H1L4tOemTNqcP/gyEVOlZqTpBvYJUe0tWtW0y3o2Ueq04mll4aM5X3f6ugQftOSLdFQ==",
      "devOptional": true
    },
    "node_modules/@prisma/fetch-engine": {
      "version": "5.11.0-integration-fix-non-ascii.1",
      "resolved": "https://registry.npmjs.org/@prisma/fetch-engine/-/fetch-engine-5.11.0-integration-fix-non-ascii.1.tgz",
      "integrity": "sha512-0r9HaTzCksa/Uj4T6sjvWsOE8ErYigSbddiaQm+TMcBLOZyOOt+ERvkwY8h9AxxG/LOYUavuqM0gbmQIQYvRwQ==",
      "devOptional": true,
      "dependencies": {
        "@prisma/debug": "5.11.0-integration-fix-non-ascii.1",
        "@prisma/engines-version": "5.10.0-34.5a9203d0590c951969e85a7d07215503f4672eb9",
        "@prisma/get-platform": "5.11.0-integration-fix-non-ascii.1"
      }
    },
    "node_modules/@prisma/get-platform": {
      "version": "5.11.0-integration-fix-non-ascii.1",
      "resolved": "https://registry.npmjs.org/@prisma/get-platform/-/get-platform-5.11.0-integration-fix-non-ascii.1.tgz",
      "integrity": "sha512-rR2hgZtbJUKVhHzOgAmq0UHfsGCwFTkYzEz4IX/ctfi+UKnu+vNL6mNlElhhy4M4b1jhfRki1NDO3P/xmEqVzw==",
      "devOptional": true,
      "dependencies": {
        "@prisma/debug": "5.11.0-integration-fix-non-ascii.1"
      }
    },
    "node_modules/prisma": {
      "version": "5.11.0-integration-fix-non-ascii.1",
      "resolved": "https://registry.npmjs.org/prisma/-/prisma-5.11.0-integration-fix-non-ascii.1.tgz",
      "integrity": "sha512-dEzLLDqKhxhqIgJX56qiiCVTdQuC5I+Kr5fnz0nCW8Zj8LCykTCT9W0GRf6XNCZHc/10HNCB40WBfA4U5VKsMQ==",
      "devOptional": true,
      "hasInstallScript": true,
      "dependencies": {
        "@prisma/engines": "5.11.0-integration-fix-non-ascii.1"
      },
      "bin": {
        "prisma": "build/index.js"
      },
      "engines": {
        "node": ">=16.13"
      }
    }
  }
}
